
Microsoft Visual Studio Solution File, Format Version 12.00
# Visual Studio Version 16
VisualStudioVersion = 16.0.29806.167
MinimumVisualStudioVersion = 10.0.40219.1
Project("{FAE04EC0-301F-11D3-BF4B-00C04F79EFBC}") = "HospitalManagement", "HospitalManagement\HospitalManagement.csproj", "{755DD5E3-9F62-43D2-A832-296AED8095A4}"
EndProject
Global
	GlobalSection(SolutionConfigurationPlatforms) = preSolution
		Debug|Any CPU = Debug|Any CPU
		Release|Any CPU = Release|Any CPU
	EndGlobalSection
	GlobalSection(ProjectConfigurationPlatforms) = postSolution
		{755DD5E3-9F62-43D2-A832-296AED8095A4}.Debug|Any CPU.ActiveCfg = Debug|Any CPU
		{755DD5E3-9F62-43D2-A832-296AED8095A4}.Debug|Any CPU.Build.0 = Debug|Any CPU
		{755DD5E3-9F62-43D2-A832-296AED8095A4}.Release|Any CPU.ActiveCfg = Release|Any CPU
		{755DD5E3-9F62-43D2-A832-296AED8095A4}.Release|Any CPU.Build.0 = Release|Any CPU
	EndGlobalSection
	GlobalSection(SolutionProperties) = preSolution
		HideSolutionNode = FALSE
	EndGlobalSection
	GlobalSection(ExtensibilityGlobals) = postSolution
		SolutionGuid = {69AB9594-0FDE-434D-A84C-22D3AC276D28}
	EndGlobalSection
EndGlobal
